
Microsoft Visual Studio Solution File, Format Version 12.00
# Visual Studio Version 17
VisualStudioVersion = 17.2.32616.157
MinimumVisualStudioVersion = 10.0.40219.1
Project("{FAE04EC0-301F-11D3-BF4B-00C04F79EFBC}") = "StocksForDays", "StocksForDays\StocksForDays.csproj", "{10383011-6AF7-4782-A7AC-FB394A7737F8}"
EndProject
Global
	GlobalSection(SolutionConfigurationPlatforms) = preSolution
		Debug|Any CPU = Debug|Any CPU
		Release|Any CPU = Release|Any CPU
	EndGlobalSection
	GlobalSection(ProjectConfigurationPlatforms) = postSolution
		{10383011-6AF7-4782-A7AC-FB394A7737F8}.Debug|Any CPU.ActiveCfg = Debug|Any CPU
		{10383011-6AF7-4782-A7AC-FB394A7737F8}.Debug|Any CPU.Build.0 = Debug|Any CPU
		{10383011-6AF7-4782-A7AC-FB394A7737F8}.Release|Any CPU.ActiveCfg = Release|Any CPU
		{10383011-6AF7-4782-A7AC-FB394A7737F8}.Release|Any CPU.Build.0 = Release|Any CPU
	EndGlobalSection
	GlobalSection(SolutionProperties) = preSolution
		HideSolutionNode = FALSE
	EndGlobalSection
	GlobalSection(ExtensibilityGlobals) = postSolution
		SolutionGuid = {59A5E594-1264-43B4-8352-2F50AC787E7D}
	EndGlobalSection
EndGlobal
